<Solution>
  <Folder Name="/Solution Items/">
    <File Path=".gitignore" />
  </Folder>
  <Project Path="MediClaim.API/MediClaim.API.csproj" />
  <Project Path="MediClaim.Application/MediClaim.Application.csproj" />
  <Project Path="MediClaim.Domain/MediClaim.Domain.csproj" />
  <Project Path="MediClaim.Infrastructure/MediClaim.Infrastructure.csproj" />
  <Project Path="MediClaim.Tests.Integration/MediClaim.Tests.Integration.csproj" />
  <Project Path="MediClaim.Tests.Unit/MediClaim.Tests.Unit.csproj" />
</Solution>
